
Microsoft Visual Studio Solution File, Format Version 12.00
# Visual Studio Version 17
VisualStudioVersion = 17.12.35506.116
MinimumVisualStudioVersion = 10.0.40219.1
Project("{FAE04EC0-301F-11D3-BF4B-00C04F79EFBC}") = "ProductionOrdersSEQUOR.API", "ProductionOrderSEQUOR.API\ProductionOrdersSEQUOR.API.csproj", "{D1DF7668-84C2-49BC-82E4-2FAF7F0513E7}"
EndProject
Project("{FAE04EC0-301F-11D3-BF4B-00C04F79EFBC}") = "ProductionOrderSEQUOR.Domain", "ProductionOrderSEQUOR.Domain\ProductionOrderSEQUOR.Domain.csproj", "{50019A03-6E7F-4E6D-A174-80CFB004CDB5}"
EndProject
Project("{FAE04EC0-301F-11D3-BF4B-00C04F79EFBC}") = "ProductionOrderSEQUOR.Infra.Data", "ProductionOrdersSEQUOR.Infra.Data\ProductionOrderSEQUOR.Infra.Data.csproj", "{662D8F06-D776-484E-9528-8F29D8C5784E}"
EndProject
Project("{FAE04EC0-301F-11D3-BF4B-00C04F79EFBC}") = "ProductionOrdersSEQUOR.Infra.Ioc", "ProductionOrdersSEQUOR.Infra.Ioc\ProductionOrdersSEQUOR.Infra.Ioc.csproj", "{D238ED76-1139-4A7A-A690-808B01DC2BD3}"
EndProject
Project("{FAE04EC0-301F-11D3-BF4B-00C04F79EFBC}") = "ProductionOrderSEQUOR.Application", "ProductionOrdersSEQUOR.Application\ProductionOrderSEQUOR.Application.csproj", "{3F7A5334-50D3-4430-B3FF-C82D61106FE0}"
EndProject
Global
	GlobalSection(SolutionConfigurationPlatforms) = preSolution
		Debug|Any CPU = Debug|Any CPU
		Release|Any CPU = Release|Any CPU
	EndGlobalSection
	GlobalSection(ProjectConfigurationPlatforms) = postSolution
		{D1DF7668-84C2-49BC-82E4-2FAF7F0513E7}.Debug|Any CPU.ActiveCfg = Debug|Any CPU
		{D1DF7668-84C2-49BC-82E4-2FAF7F0513E7}.Debug|Any CPU.Build.0 = Debug|Any CPU
		{D1DF7668-84C2-49BC-82E4-2FAF7F0513E7}.Release|Any CPU.ActiveCfg = Release|Any CPU
		{D1DF7668-84C2-49BC-82E4-2FAF7F0513E7}.Release|Any CPU.Build.0 = Release|Any CPU
		{50019A03-6E7F-4E6D-A174-80CFB004CDB5}.Debug|Any CPU.ActiveCfg = Debug|Any CPU
		{50019A03-6E7F-4E6D-A174-80CFB004CDB5}.Debug|Any CPU.Build.0 = Debug|Any CPU
		{50019A03-6E7F-4E6D-A174-80CFB004CDB5}.Release|Any CPU.ActiveCfg = Release|Any CPU
		{50019A03-6E7F-4E6D-A174-80CFB004CDB5}.Release|Any CPU.Build.0 = Release|Any CPU
		{662D8F06-D776-484E-9528-8F29D8C5784E}.Debug|Any CPU.ActiveCfg = Debug|Any CPU
		{662D8F06-D776-484E-9528-8F29D8C5784E}.Debug|Any CPU.Build.0 = Debug|Any CPU
		{662D8F06-D776-484E-9528-8F29D8C5784E}.Release|Any CPU.ActiveCfg = Release|Any CPU
		{662D8F06-D776-484E-9528-8F29D8C5784E}.Release|Any CPU.Build.0 = Release|Any CPU
		{D238ED76-1139-4A7A-A690-808B01DC2BD3}.Debug|Any CPU.ActiveCfg = Debug|Any CPU
		{D238ED76-1139-4A7A-A690-808B01DC2BD3}.Debug|Any CPU.Build.0 = Debug|Any CPU
		{D238ED76-1139-4A7A-A690-808B01DC2BD3}.Release|Any CPU.ActiveCfg = Release|Any CPU
		{D238ED76-1139-4A7A-A690-808B01DC2BD3}.Release|Any CPU.Build.0 = Release|Any CPU
		{3F7A5334-50D3-4430-B3FF-C82D61106FE0}.Debug|Any CPU.ActiveCfg = Debug|Any CPU
		{3F7A5334-50D3-4430-B3FF-C82D61106FE0}.Debug|Any CPU.Build.0 = Debug|Any CPU
		{3F7A5334-50D3-4430-B3FF-C82D61106FE0}.Release|Any CPU.ActiveCfg = Release|Any CPU
		{3F7A5334-50D3-4430-B3FF-C82D61106FE0}.Release|Any CPU.Build.0 = Release|Any CPU
	EndGlobalSection
	GlobalSection(SolutionProperties) = preSolution
		HideSolutionNode = FALSE
	EndGlobalSection
EndGlobal
